
Microsoft Visual Studio Solution File, Format Version 12.00
# Visual Studio Version 17
VisualStudioVersion = 17.12.35506.116 d17.12
MinimumVisualStudioVersion = 10.0.40219.1
Project("{FAE04EC0-301F-11D3-BF4B-00C04F79EFBC}") = "sampleBugProject", "sampleBugProject\sampleBugProject\sampleBugProject.csproj", "{6F1C13DC-DF47-4839-A162-7AAF019F4217}"
EndProject
Project("{FAE04EC0-301F-11D3-BF4B-00C04F79EFBC}") = "sampleBugProject.Client", "sampleBugProject\sampleBugProject.Client\sampleBugProject.Client.csproj", "{4BE653F6-DBC8-40D0-BEBD-6CA6BE7A4DA1}"
EndProject
Global
	GlobalSection(SolutionConfigurationPlatforms) = preSolution
		Debug|Any CPU = Debug|Any CPU
		Release|Any CPU = Release|Any CPU
	EndGlobalSection
	GlobalSection(ProjectConfigurationPlatforms) = postSolution
		{6F1C13DC-DF47-4839-A162-7AAF019F4217}.Debug|Any CPU.ActiveCfg = Debug|Any CPU
		{6F1C13DC-DF47-4839-A162-7AAF019F4217}.Debug|Any CPU.Build.0 = Debug|Any CPU
		{6F1C13DC-DF47-4839-A162-7AAF019F4217}.Release|Any CPU.ActiveCfg = Release|Any CPU
		{6F1C13DC-DF47-4839-A162-7AAF019F4217}.Release|Any CPU.Build.0 = Release|Any CPU
		{4BE653F6-DBC8-40D0-BEBD-6CA6BE7A4DA1}.Debug|Any CPU.ActiveCfg = Debug|Any CPU
		{4BE653F6-DBC8-40D0-BEBD-6CA6BE7A4DA1}.Debug|Any CPU.Build.0 = Debug|Any CPU
		{4BE653F6-DBC8-40D0-BEBD-6CA6BE7A4DA1}.Release|Any CPU.ActiveCfg = Release|Any CPU
		{4BE653F6-DBC8-40D0-BEBD-6CA6BE7A4DA1}.Release|Any CPU.Build.0 = Release|Any CPU
	EndGlobalSection
	GlobalSection(SolutionProperties) = preSolution
		HideSolutionNode = FALSE
	EndGlobalSection
EndGlobal
